
Microsoft Visual Studio Solution File, Format Version 12.00
# Visual Studio Version 17
VisualStudioVersion = 17.14.36414.22
MinimumVisualStudioVersion = 10.0.40219.1
Project("{FAE04EC0-301F-11D3-BF4B-00C04F79EFBC}") = "RentACar", "RentACar\RentACar.csproj", "{D37C76A4-D775-4169-BDF0-E407D990AE1D}"
EndProject
Project("{FAE04EC0-301F-11D3-BF4B-00C04F79EFBC}") = "RentACArTest1", "RentACArTest1\RentACArTest1.csproj", "{11A2D86A-0B3B-4D10-B814-40047B56A0FB}"
EndProject
Global
	GlobalSection(SolutionConfigurationPlatforms) = preSolution
		Debug|Any CPU = Debug|Any CPU
		Release|Any CPU = Release|Any CPU
	EndGlobalSection
	GlobalSection(ProjectConfigurationPlatforms) = postSolution
		{D37C76A4-D775-4169-BDF0-E407D990AE1D}.Debug|Any CPU.ActiveCfg = Debug|Any CPU
		{D37C76A4-D775-4169-BDF0-E407D990AE1D}.Debug|Any CPU.Build.0 = Debug|Any CPU
		{D37C76A4-D775-4169-BDF0-E407D990AE1D}.Release|Any CPU.ActiveCfg = Release|Any CPU
		{D37C76A4-D775-4169-BDF0-E407D990AE1D}.Release|Any CPU.Build.0 = Release|Any CPU
		{11A2D86A-0B3B-4D10-B814-40047B56A0FB}.Debug|Any CPU.ActiveCfg = Debug|Any CPU
		{11A2D86A-0B3B-4D10-B814-40047B56A0FB}.Debug|Any CPU.Build.0 = Debug|Any CPU
		{11A2D86A-0B3B-4D10-B814-40047B56A0FB}.Release|Any CPU.ActiveCfg = Release|Any CPU
		{11A2D86A-0B3B-4D10-B814-40047B56A0FB}.Release|Any CPU.Build.0 = Release|Any CPU
	EndGlobalSection
	GlobalSection(SolutionProperties) = preSolution
		HideSolutionNode = FALSE
	EndGlobalSection
	GlobalSection(ExtensibilityGlobals) = postSolution
		SolutionGuid = {7CC618F3-3270-48A1-A895-DFA1606FE1E7}
	EndGlobalSection
EndGlobal
